
Microsoft Visual Studio Solution File, Format Version 12.00
# Visual Studio 15
VisualStudioVersion = 15.0.26403.3
MinimumVisualStudioVersion = 10.0.40219.1
Project("{FAE04EC0-301F-11D3-BF4B-00C04F79EFBC}") = "ButtonTextUI", "ButtonTextUI\ButtonTextUI.csproj", "{760D6F02-74E6-4CEE-9DEA-6FD3AD32CEC9}"
EndProject
Project("{54435603-DBB4-11D2-8724-00A0C9A8B90C}") = "ButtonSetup", "ButtonSetup\ButtonSetup.vdproj", "{F42115DB-FD33-4B47-AA79-9EAF402D31C3}"
EndProject
Global
	GlobalSection(SolutionConfigurationPlatforms) = preSolution
		Debug|Any CPU = Debug|Any CPU
		Release|Any CPU = Release|Any CPU
	EndGlobalSection
	GlobalSection(ProjectConfigurationPlatforms) = postSolution
		{760D6F02-74E6-4CEE-9DEA-6FD3AD32CEC9}.Debug|Any CPU.ActiveCfg = Debug|Any CPU
		{760D6F02-74E6-4CEE-9DEA-6FD3AD32CEC9}.Debug|Any CPU.Build.0 = Debug|Any CPU
		{760D6F02-74E6-4CEE-9DEA-6FD3AD32CEC9}.Release|Any CPU.ActiveCfg = Release|Any CPU
		{760D6F02-74E6-4CEE-9DEA-6FD3AD32CEC9}.Release|Any CPU.Build.0 = Release|Any CPU
		{F42115DB-FD33-4B47-AA79-9EAF402D31C3}.Debug|Any CPU.ActiveCfg = Debug
		{F42115DB-FD33-4B47-AA79-9EAF402D31C3}.Release|Any CPU.ActiveCfg = Release
	EndGlobalSection
	GlobalSection(SolutionProperties) = preSolution
		HideSolutionNode = FALSE
	EndGlobalSection
EndGlobal
