
Microsoft Visual Studio Solution File, Format Version 12.00
# Visual Studio 15
VisualStudioVersion = 15.0.26403.7
MinimumVisualStudioVersion = 10.0.40219.1
Project("{FAE04EC0-301F-11D3-BF4B-00C04F79EFBC}") = "Lecture11Dstuctori", "Lecture11Dstuctori\Lecture11Dstuctori.csproj", "{22EFB896-CBBC-415A-9F33-44BD78021434}"
EndProject
Project("{FAE04EC0-301F-11D3-BF4B-00C04F79EFBC}") = "zadacha", "zadacha\zadacha.csproj", "{55ED9A6D-6876-49A1-BE78-CB12B000FCCE}"
EndProject
Global
	GlobalSection(SolutionConfigurationPlatforms) = preSolution
		Debug|Any CPU = Debug|Any CPU
		Release|Any CPU = Release|Any CPU
	EndGlobalSection
	GlobalSection(ProjectConfigurationPlatforms) = postSolution
		{22EFB896-CBBC-415A-9F33-44BD78021434}.Debug|Any CPU.ActiveCfg = Debug|Any CPU
		{22EFB896-CBBC-415A-9F33-44BD78021434}.Debug|Any CPU.Build.0 = Debug|Any CPU
		{22EFB896-CBBC-415A-9F33-44BD78021434}.Release|Any CPU.ActiveCfg = Release|Any CPU
		{22EFB896-CBBC-415A-9F33-44BD78021434}.Release|Any CPU.Build.0 = Release|Any CPU
		{55ED9A6D-6876-49A1-BE78-CB12B000FCCE}.Debug|Any CPU.ActiveCfg = Debug|Any CPU
		{55ED9A6D-6876-49A1-BE78-CB12B000FCCE}.Debug|Any CPU.Build.0 = Debug|Any CPU
		{55ED9A6D-6876-49A1-BE78-CB12B000FCCE}.Release|Any CPU.ActiveCfg = Release|Any CPU
		{55ED9A6D-6876-49A1-BE78-CB12B000FCCE}.Release|Any CPU.Build.0 = Release|Any CPU
	EndGlobalSection
	GlobalSection(SolutionProperties) = preSolution
		HideSolutionNode = FALSE
	EndGlobalSection
EndGlobal
