
Microsoft Visual Studio Solution File, Format Version 12.00
# Visual Studio 15
VisualStudioVersion = 15.0.26430.6
MinimumVisualStudioVersion = 10.0.40219.1
Project("{FAE04EC0-301F-11D3-BF4B-00C04F79EFBC}") = "_1_AbstractClassCar", "Lecture14AbstractClasses\_1_AbstractClassCar.csproj", "{93083905-043C-408E-8C86-500B20037222}"
EndProject
Project("{FAE04EC0-301F-11D3-BF4B-00C04F79EFBC}") = "_2_Interfaces", "_2_Interfaces\_2_Interfaces.csproj", "{9F668CB9-4811-491C-B8E5-6ACDBEEFE18D}"
EndProject
Global
	GlobalSection(SolutionConfigurationPlatforms) = preSolution
		Debug|Any CPU = Debug|Any CPU
		Release|Any CPU = Release|Any CPU
	EndGlobalSection
	GlobalSection(ProjectConfigurationPlatforms) = postSolution
		{93083905-043C-408E-8C86-500B20037222}.Debug|Any CPU.ActiveCfg = Debug|Any CPU
		{93083905-043C-408E-8C86-500B20037222}.Debug|Any CPU.Build.0 = Debug|Any CPU
		{93083905-043C-408E-8C86-500B20037222}.Release|Any CPU.ActiveCfg = Release|Any CPU
		{93083905-043C-408E-8C86-500B20037222}.Release|Any CPU.Build.0 = Release|Any CPU
		{9F668CB9-4811-491C-B8E5-6ACDBEEFE18D}.Debug|Any CPU.ActiveCfg = Debug|Any CPU
		{9F668CB9-4811-491C-B8E5-6ACDBEEFE18D}.Debug|Any CPU.Build.0 = Debug|Any CPU
		{9F668CB9-4811-491C-B8E5-6ACDBEEFE18D}.Release|Any CPU.ActiveCfg = Release|Any CPU
		{9F668CB9-4811-491C-B8E5-6ACDBEEFE18D}.Release|Any CPU.Build.0 = Release|Any CPU
	EndGlobalSection
	GlobalSection(SolutionProperties) = preSolution
		HideSolutionNode = FALSE
	EndGlobalSection
EndGlobal
